// !$*UTF8*$!
{
	archiveVersion = 1;
	classes = {
	};
	objectVersion = 55;
	objects = {

/* Begin PBXBuildFile section */
		CF48CC9F26F131C200406F4E /* FrameUpExampleApp.swift in Sources */ = {isa = PBXBuildFile; fileRef = CF48CC9E26F131C200406F4E /* FrameUpExampleApp.swift */; };
		CF48CCA126F131C200406F4E /* ContentView.swift in Sources */ = {isa = PBXBuildFile; fileRef = CF48CCA026F131C200406F4E /* ContentView.swift */; };
		CF48CCA326F131C300406F4E /* Assets.xcassets in Resources */ = {isa = PBXBuildFile; fileRef = CF48CCA226F131C300406F4E /* Assets.xcassets */; };
		CF48CCA626F131C300406F4E /* Preview Assets.xcassets in Resources */ = {isa = PBXBuildFile; fileRef = CF48CCA526F131C300406F4E /* Preview Assets.xcassets */; };
		CF48CCAE26F131EA00406F4E /* FrameUp in Frameworks */ = {isa = PBXBuildFile; productRef = CF48CCAD26F131EA00406F4E /* FrameUp */; };
		CF48CCB126F132A400406F4E /* WidthReaderExample.swift in Sources */ = {isa = PBXBuildFile; fileRef = CF48CCB026F132A400406F4E /* WidthReaderExample.swift */; };
		CF48CCB726F1348F00406F4E /* HFlowExample.swift in Sources */ = {isa = PBXBuildFile; fileRef = CF48CCB626F1348F00406F4E /* HFlowExample.swift */; };
		CF48CCB926F134AC00406F4E /* Item.swift in Sources */ = {isa = PBXBuildFile; fileRef = CF48CCB826F134AC00406F4E /* Item.swift */; };
		CF48CCBB26F134CA00406F4E /* VFlowExample.swift in Sources */ = {isa = PBXBuildFile; fileRef = CF48CCBA26F134CA00406F4E /* VFlowExample.swift */; };
		CF48CCBD26F1356A00406F4E /* HeightReaderExample.swift in Sources */ = {isa = PBXBuildFile; fileRef = CF48CCBC26F1356A00406F4E /* HeightReaderExample.swift */; };
		CFBC932F26F24DC600D5D439 /* TagViewExample.swift in Sources */ = {isa = PBXBuildFile; fileRef = CFBC932E26F24DC600D5D439 /* TagViewExample.swift */; };
		CFBC933126F24FF200D5D439 /* TagViewForScrollViewExample.swift in Sources */ = {isa = PBXBuildFile; fileRef = CFBC933026F24FF200D5D439 /* TagViewForScrollViewExample.swift */; };
		CFBC933526F2AB8000D5D439 /* OverlappingImageExample.swift in Sources */ = {isa = PBXBuildFile; fileRef = CFBC933426F2AB8000D5D439 /* OverlappingImageExample.swift */; };
		CFF01B9B26F1B33D0018522E /* ScrollViewWithPositionExample.swift in Sources */ = {isa = PBXBuildFile; fileRef = CFF01B9A26F1B33D0018522E /* ScrollViewWithPositionExample.swift */; };
/* End PBXBuildFile section */

/* Begin PBXFileReference section */
		CF48CC9B26F131C200406F4E /* FrameUpExample.app */ = {isa = PBXFileReference; explicitFileType = wrapper.application; includeInIndex = 0; path = FrameUpExample.app; sourceTree = BUILT_PRODUCTS_DIR; };
		CF48CC9E26F131C200406F4E /* FrameUpExampleApp.swift */ = {isa = PBXFileReference; lastKnownFileType = sourcecode.swift; path = FrameUpExampleApp.swift; sourceTree = "<group>"; };
		CF48CCA026F131C200406F4E /* ContentView.swift */ = {isa = PBXFileReference; lastKnownFileType = sourcecode.swift; path = ContentView.swift; sourceTree = "<group>"; };
		CF48CCA226F131C300406F4E /* Assets.xcassets */ = {isa = PBXFileReference; lastKnownFileType = folder.assetcatalog; path = Assets.xcassets; sourceTree = "<group>"; };
		CF48CCA526F131C300406F4E /* Preview Assets.xcassets */ = {isa = PBXFileReference; lastKnownFileType = folder.assetcatalog; path = "Preview Assets.xcassets"; sourceTree = "<group>"; };
		CF48CCAF26F1320C00406F4E /* FrameUp */ = {isa = PBXFileReference; lastKnownFileType = folder; name = FrameUp; path = ../FrameUp; sourceTree = "<group>"; };
		CF48CCB026F132A400406F4E /* WidthReaderExample.swift */ = {isa = PBXFileReference; fileEncoding = 4; lastKnownFileType = sourcecode.swift; path = WidthReaderExample.swift; sourceTree = "<group>"; };
		CF48CCB626F1348F00406F4E /* HFlowExample.swift */ = {isa = PBXFileReference; lastKnownFileType = sourcecode.swift; path = HFlowExample.swift; sourceTree = "<group>"; };
		CF48CCB826F134AC00406F4E /* Item.swift */ = {isa = PBXFileReference; lastKnownFileType = sourcecode.swift; path = Item.swift; sourceTree = "<group>"; };
		CF48CCBA26F134CA00406F4E /* VFlowExample.swift */ = {isa = PBXFileReference; lastKnownFileType = sourcecode.swift; path = VFlowExample.swift; sourceTree = "<group>"; };
		CF48CCBC26F1356A00406F4E /* HeightReaderExample.swift */ = {isa = PBXFileReference; lastKnownFileType = sourcecode.swift; path = HeightReaderExample.swift; sourceTree = "<group>"; };
		CFBC932E26F24DC600D5D439 /* TagViewExample.swift */ = {isa = PBXFileReference; lastKnownFileType = sourcecode.swift; path = TagViewExample.swift; sourceTree = "<group>"; };
		CFBC933026F24FF200D5D439 /* TagViewForScrollViewExample.swift */ = {isa = PBXFileReference; lastKnownFileType = sourcecode.swift; path = TagViewForScrollViewExample.swift; sourceTree = "<group>"; };
		CFBC933426F2AB8000D5D439 /* OverlappingImageExample.swift */ = {isa = PBXFileReference; lastKnownFileType = sourcecode.swift; path = OverlappingImageExample.swift; sourceTree = "<group>"; };
		CFF01B9A26F1B33D0018522E /* ScrollViewWithPositionExample.swift */ = {isa = PBXFileReference; lastKnownFileType = sourcecode.swift; path = ScrollViewWithPositionExample.swift; sourceTree = "<group>"; };
/* End PBXFileReference section */

/* Begin PBXFrameworksBuildPhase section */
		CF48CC9826F131C200406F4E /* Frameworks */ = {
			isa = PBXFrameworksBuildPhase;
			buildActionMask = 2147483647;
			files = (
				CF48CCAE26F131EA00406F4E /* FrameUp in Frameworks */,
			);
			runOnlyForDeploymentPostprocessing = 0;
		};
/* End PBXFrameworksBuildPhase section */

/* Begin PBXGroup section */
		CF48CC9226F131C200406F4E = {
			isa = PBXGroup;
			children = (
				CF48CCAF26F1320C00406F4E /* FrameUp */,
				CF48CC9D26F131C200406F4E /* FrameUpExample */,
				CF48CC9C26F131C200406F4E /* Products */,
			);
			sourceTree = "<group>";
		};
		CF48CC9C26F131C200406F4E /* Products */ = {
			isa = PBXGroup;
			children = (
				CF48CC9B26F131C200406F4E /* FrameUpExample.app */,
			);
			name = Products;
			sourceTree = "<group>";
		};
		CF48CC9D26F131C200406F4E /* FrameUpExample */ = {
			isa = PBXGroup;
			children = (
				CF48CC9E26F131C200406F4E /* FrameUpExampleApp.swift */,
				CF48CCA026F131C200406F4E /* ContentView.swift */,
				CF48CCB826F134AC00406F4E /* Item.swift */,
				CF48CCB026F132A400406F4E /* WidthReaderExample.swift */,
				CFBC932E26F24DC600D5D439 /* TagViewExample.swift */,
				CFBC933426F2AB8000D5D439 /* OverlappingImageExample.swift */,
				CFBC933026F24FF200D5D439 /* TagViewForScrollViewExample.swift */,
				CFF01B9A26F1B33D0018522E /* ScrollViewWithPositionExample.swift */,
				CF48CCBC26F1356A00406F4E /* HeightReaderExample.swift */,
				CF48CCB626F1348F00406F4E /* HFlowExample.swift */,
				CF48CCBA26F134CA00406F4E /* VFlowExample.swift */,
				CF48CCA226F131C300406F4E /* Assets.xcassets */,
				CF48CCA426F131C300406F4E /* Preview Content */,
			);
			path = FrameUpExample;
			sourceTree = "<group>";
		};
		CF48CCA426F131C300406F4E /* Preview Content */ = {
			isa = PBXGroup;
			children = (
				CF48CCA526F131C300406F4E /* Preview Assets.xcassets */,
			);
			path = "Preview Content";
			sourceTree = "<group>";
		};
/* End PBXGroup section */

/* Begin PBXNativeTarget section */
		CF48CC9A26F131C200406F4E /* FrameUpExample */ = {
			isa = PBXNativeTarget;
			buildConfigurationList = CF48CCA926F131C300406F4E /* Build configuration list for PBXNativeTarget "FrameUpExample" */;
			buildPhases = (
				CF48CC9726F131C200406F4E /* Sources */,
				CF48CC9826F131C200406F4E /* Frameworks */,
				CF48CC9926F131C200406F4E /* Resources */,
			);
			buildRules = (
			);
			dependencies = (
			);
			name = FrameUpExample;
			packageProductDependencies = (
				CF48CCAD26F131EA00406F4E /* FrameUp */,
			);
			productName = FrameUpExample;
			productReference = CF48CC9B26F131C200406F4E /* FrameUpExample.app */;
			productType = "com.apple.product-type.application";
		};
/* End PBXNativeTarget section */

/* Begin PBXProject section */
		CF48CC9326F131C200406F4E /* Project object */ = {
			isa = PBXProject;
			attributes = {
				BuildIndependentTargetsInParallel = 1;
				LastSwiftUpdateCheck = 1300;
				LastUpgradeCheck = 1300;
				TargetAttributes = {
					CF48CC9A26F131C200406F4E = {
						CreatedOnToolsVersion = 13.0;
					};
				};
			};
			buildConfigurationList = CF48CC9626F131C200406F4E /* Build configuration list for PBXProject "FrameUpExample" */;
			compatibilityVersion = "Xcode 13.0";
			developmentRegion = en;
			hasScannedForEncodings = 0;
			knownRegions = (
				en,
				Base,
			);
			mainGroup = CF48CC9226F131C200406F4E;
			packageReferences = (
				CF48CCAC26F131EA00406F4E /* XCRemoteSwiftPackageReference "FrameUp" */,
			);
			productRefGroup = CF48CC9C26F131C200406F4E /* Products */;
			projectDirPath = "";
			projectRoot = "";
			targets = (
				CF48CC9A26F131C200406F4E /* FrameUpExample */,
			);
		};
/* End PBXProject section */

/* Begin PBXResourcesBuildPhase section */
		CF48CC9926F131C200406F4E /* Resources */ = {
			isa = PBXResourcesBuildPhase;
			buildActionMask = 2147483647;
			files = (
				CF48CCA626F131C300406F4E /* Preview Assets.xcassets in Resources */,
				CF48CCA326F131C300406F4E /* Assets.xcassets in Resources */,
			);
			runOnlyForDeploymentPostprocessing = 0;
		};
/* End PBXResourcesBuildPhase section */

/* Begin PBXSourcesBuildPhase section */
		CF48CC9726F131C200406F4E /* Sources */ = {
			isa = PBXSourcesBuildPhase;
			buildActionMask = 2147483647;
			files = (
				CF48CCB726F1348F00406F4E /* HFlowExample.swift in Sources */,
				CF48CCA126F131C200406F4E /* ContentView.swift in Sources */,
				CFBC933526F2AB8000D5D439 /* OverlappingImageExample.swift in Sources */,
				CF48CCBD26F1356A00406F4E /* HeightReaderExample.swift in Sources */,
				CF48CC9F26F131C200406F4E /* FrameUpExampleApp.swift in Sources */,
				CF48CCB926F134AC00406F4E /* Item.swift in Sources */,
				CFF01B9B26F1B33D0018522E /* ScrollViewWithPositionExample.swift in Sources */,
				CF48CCB126F132A400406F4E /* WidthReaderExample.swift in Sources */,
				CFBC933126F24FF200D5D439 /* TagViewForScrollViewExample.swift in Sources */,
				CFBC932F26F24DC600D5D439 /* TagViewExample.swift in Sources */,
				CF48CCBB26F134CA00406F4E /* VFlowExample.swift in Sources */,
			);
			runOnlyForDeploymentPostprocessing = 0;
		};
/* End PBXSourcesBuildPhase section */

/* Begin XCBuildConfiguration section */
		CF48CCA726F131C300406F4E /* Debug */ = {
			isa = XCBuildConfiguration;
			buildSettings = {
				ALWAYS_SEARCH_USER_PATHS = NO;
				CLANG_ANALYZER_NONNULL = YES;
				CLANG_ANALYZER_NUMBER_OBJECT_CONVERSION = YES_AGGRESSIVE;
				CLANG_CXX_LANGUAGE_STANDARD = "gnu++17";
				CLANG_CXX_LIBRARY = "libc++";
				CLANG_ENABLE_MODULES = YES;
				CLANG_ENABLE_OBJC_ARC = YES;
				CLANG_ENABLE_OBJC_WEAK = YES;
				CLANG_WARN_BLOCK_CAPTURE_AUTORELEASING = YES;
				CLANG_WARN_BOOL_CONVERSION = YES;
				CLANG_WARN_COMMA = YES;
				CLANG_WARN_CONSTANT_CONVERSION = YES;
				CLANG_WARN_DEPRECATED_OBJC_IMPLEMENTATIONS = YES;
				CLANG_WARN_DIRECT_OBJC_ISA_USAGE = YES_ERROR;
				CLANG_WARN_DOCUMENTATION_COMMENTS = YES;
				CLANG_WARN_EMPTY_BODY = YES;
				CLANG_WARN_ENUM_CONVERSION = YES;
				CLANG_WARN_INFINITE_RECURSION = YES;
				CLANG_WARN_INT_CONVERSION = YES;
				CLANG_WARN_NON_LITERAL_NULL_CONVERSION = YES;
				CLANG_WARN_OBJC_IMPLICIT_RETAIN_SELF = YES;
				CLANG_WARN_OBJC_LITERAL_CONVERSION = YES;
				CLANG_WARN_OBJC_ROOT_CLASS = YES_ERROR;
				CLANG_WARN_QUOTED_INCLUDE_IN_FRAMEWORK_HEADER = YES;
				CLANG_WARN_RANGE_LOOP_ANALYSIS = YES;
				CLANG_WARN_STRICT_PROTOTYPES = YES;
				CLANG_WARN_SUSPICIOUS_MOVE = YES;
				CLANG_WARN_UNGUARDED_AVAILABILITY = YES_AGGRESSIVE;
				CLANG_WARN_UNREACHABLE_CODE = YES;
				CLANG_WARN__DUPLICATE_METHOD_MATCH = YES;
				COPY_PHASE_STRIP = NO;
				DEBUG_INFORMATION_FORMAT = dwarf;
				ENABLE_STRICT_OBJC_MSGSEND = YES;
				ENABLE_TESTABILITY = YES;
				GCC_C_LANGUAGE_STANDARD = gnu11;
				GCC_DYNAMIC_NO_PIC = NO;
				GCC_NO_COMMON_BLOCKS = YES;
				GCC_OPTIMIZATION_LEVEL = 0;
				GCC_PREPROCESSOR_DEFINITIONS = (
					"DEBUG=1",
					"$(inherited)",
				);
				GCC_WARN_64_TO_32_BIT_CONVERSION = YES;
				GCC_WARN_ABOUT_RETURN_TYPE = YES_ERROR;
				GCC_WARN_UNDECLARED_SELECTOR = YES;
				GCC_WARN_UNINITIALIZED_AUTOS = YES_AGGRESSIVE;
				GCC_WARN_UNUSED_FUNCTION = YES;
				GCC_WARN_UNUSED_VARIABLE = YES;
				IPHONEOS_DEPLOYMENT_TARGET = 14.5;
				MTL_ENABLE_DEBUG_INFO = INCLUDE_SOURCE;
				MTL_FAST_MATH = YES;
				ONLY_ACTIVE_ARCH = YES;
				SDKROOT = iphoneos;
				SWIFT_ACTIVE_COMPILATION_CONDITIONS = DEBUG;
				SWIFT_OPTIMIZATION_LEVEL = "-Onone";
			};
			name = Debug;
		};
		CF48CCA826F131C300406F4E /* Release */ = {
			isa = XCBuildConfiguration;
			buildSettings = {
				ALWAYS_SEARCH_USER_PATHS = NO;
				CLANG_ANALYZER_NONNULL = YES;
				CLANG_ANALYZER_NUMBER_OBJECT_CONVERSION = YES_AGGRESSIVE;
				CLANG_CXX_LANGUAGE_STANDARD = "gnu++17";
				CLANG_CXX_LIBRARY = "libc++";
				CLANG_ENABLE_MODULES = YES;
				CLANG_ENABLE_OBJC_ARC = YES;
				CLANG_ENABLE_OBJC_WEAK = YES;
				CLANG_WARN_BLOCK_CAPTURE_AUTORELEASING = YES;
				CLANG_WARN_BOOL_CONVERSION = YES;
				CLANG_WARN_COMMA = YES;
				CLANG_WARN_CONSTANT_CONVERSION = YES;
				CLANG_WARN_DEPRECATED_OBJC_IMPLEMENTATIONS = YES;
				CLANG_WARN_DIRECT_OBJC_ISA_USAGE = YES_ERROR;
				CLANG_WARN_DOCUMENTATION_COMMENTS = YES;
				CLANG_WARN_EMPTY_BODY = YES;
				CLANG_WARN_ENUM_CONVERSION = YES;
				CLANG_WARN_INFINITE_RECURSION = YES;
				CLANG_WARN_INT_CONVERSION = YES;
				CLANG_WARN_NON_LITERAL_NULL_CONVERSION = YES;
				CLANG_WARN_OBJC_IMPLICIT_RETAIN_SELF = YES;
				CLANG_WARN_OBJC_LITERAL_CONVERSION = YES;
				CLANG_WARN_OBJC_ROOT_CLASS = YES_ERROR;
				CLANG_WARN_QUOTED_INCLUDE_IN_FRAMEWORK_HEADER = YES;
				CLANG_WARN_RANGE_LOOP_ANALYSIS = YES;
				CLANG_WARN_STRICT_PROTOTYPES = YES;
				CLANG_WARN_SUSPICIOUS_MOVE = YES;
				CLANG_WARN_UNGUARDED_AVAILABILITY = YES_AGGRESSIVE;
				CLANG_WARN_UNREACHABLE_CODE = YES;
				CLANG_WARN__DUPLICATE_METHOD_MATCH = YES;
				COPY_PHASE_STRIP = NO;
				DEBUG_INFORMATION_FORMAT = "dwarf-with-dsym";
				ENABLE_NS_ASSERTIONS = NO;
				ENABLE_STRICT_OBJC_MSGSEND = YES;
				GCC_C_LANGUAGE_STANDARD = gnu11;
				GCC_NO_COMMON_BLOCKS = YES;
				GCC_WARN_64_TO_32_BIT_CONVERSION = YES;
				GCC_WARN_ABOUT_RETURN_TYPE = YES_ERROR;
				GCC_WARN_UNDECLARED_SELECTOR = YES;
				GCC_WARN_UNINITIALIZED_AUTOS = YES_AGGRESSIVE;
				GCC_WARN_UNUSED_FUNCTION = YES;
				GCC_WARN_UNUSED_VARIABLE = YES;
				IPHONEOS_DEPLOYMENT_TARGET = 14.5;
				MTL_ENABLE_DEBUG_INFO = NO;
				MTL_FAST_MATH = YES;
				SDKROOT = iphoneos;
				SWIFT_COMPILATION_MODE = wholemodule;
				SWIFT_OPTIMIZATION_LEVEL = "-O";
				VALIDATE_PRODUCT = YES;
			};
			name = Release;
		};
		CF48CCAA26F131C300406F4E /* Debug */ = {
			isa = XCBuildConfiguration;
			buildSettings = {
				ASSETCATALOG_COMPILER_APPICON_NAME = AppIcon;
				ASSETCATALOG_COMPILER_GLOBAL_ACCENT_COLOR_NAME = AccentColor;
				CODE_SIGN_STYLE = Automatic;
				CURRENT_PROJECT_VERSION = 1;
				DEVELOPMENT_ASSET_PATHS = "\"FrameUpExample/Preview Content\"";
				DEVELOPMENT_TEAM = 97423JQ8B9;
				ENABLE_PREVIEWS = YES;
				GENERATE_INFOPLIST_FILE = YES;
				INFOPLIST_KEY_UIApplicationSceneManifest_Generation = YES;
				INFOPLIST_KEY_UIApplicationSupportsIndirectInputEvents = YES;
				INFOPLIST_KEY_UILaunchScreen_Generation = YES;
				INFOPLIST_KEY_UISupportedInterfaceOrientations_iPad = "UIInterfaceOrientationPortrait UIInterfaceOrientationPortraitUpsideDown UIInterfaceOrientationLandscapeLeft UIInterfaceOrientationLandscapeRight";
				INFOPLIST_KEY_UISupportedInterfaceOrientations_iPhone = "UIInterfaceOrientationPortrait UIInterfaceOrientationLandscapeLeft UIInterfaceOrientationLandscapeRight";
				IPHONEOS_DEPLOYMENT_TARGET = 14.0;
				LD_RUNPATH_SEARCH_PATHS = (
					"$(inherited)",
					"@executable_path/Frameworks",
				);
				MARKETING_VERSION = 1.0;
				PRODUCT_BUNDLE_IDENTIFIER = com.abetterwaytodo.FrameUpExample;
				PRODUCT_NAME = "$(TARGET_NAME)";
				SWIFT_EMIT_LOC_STRINGS = YES;
				SWIFT_VERSION = 5.0;
				TARGETED_DEVICE_FAMILY = "1,2";
			};
			name = Debug;
		};
		CF48CCAB26F131C300406F4E /* Release */ = {
			isa = XCBuildConfiguration;
			buildSettings = {
				ASSETCATALOG_COMPILER_APPICON_NAME = AppIcon;
				ASSETCATALOG_COMPILER_GLOBAL_ACCENT_COLOR_NAME = AccentColor;
				CODE_SIGN_STYLE = Automatic;
				CURRENT_PROJECT_VERSION = 1;
				DEVELOPMENT_ASSET_PATHS = "\"FrameUpExample/Preview Content\"";
				DEVELOPMENT_TEAM = 97423JQ8B9;
				ENABLE_PREVIEWS = YES;
				GENERATE_INFOPLIST_FILE = YES;
				INFOPLIST_KEY_UIApplicationSceneManifest_Generation = YES;
				INFOPLIST_KEY_UIApplicationSupportsIndirectInputEvents = YES;
				INFOPLIST_KEY_UILaunchScreen_Generation = YES;
				INFOPLIST_KEY_UISupportedInterfaceOrientations_iPad = "UIInterfaceOrientationPortrait UIInterfaceOrientationPortraitUpsideDown UIInterfaceOrientationLandscapeLeft UIInterfaceOrientationLandscapeRight";
				INFOPLIST_KEY_UISupportedInterfaceOrientations_iPhone = "UIInterfaceOrientationPortrait UIInterfaceOrientationLandscapeLeft UIInterfaceOrientationLandscapeRight";
				IPHONEOS_DEPLOYMENT_TARGET = 14.0;
				LD_RUNPATH_SEARCH_PATHS = (
					"$(inherited)",
					"@executable_path/Frameworks",
				);
				MARKETING_VERSION = 1.0;
				PRODUCT_BUNDLE_IDENTIFIER = com.abetterwaytodo.FrameUpExample;
				PRODUCT_NAME = "$(TARGET_NAME)";
				SWIFT_EMIT_LOC_STRINGS = YES;
				SWIFT_VERSION = 5.0;
				TARGETED_DEVICE_FAMILY = "1,2";
			};
			name = Release;
		};
/* End XCBuildConfiguration section */

/* Begin XCConfigurationList section */
		CF48CC9626F131C200406F4E /* Build configuration list for PBXProject "FrameUpExample" */ = {
			isa = XCConfigurationList;
			buildConfigurations = (
				CF48CCA726F131C300406F4E /* Debug */,
				CF48CCA826F131C300406F4E /* Release */,
			);
			defaultConfigurationIsVisible = 0;
			defaultConfigurationName = Release;
		};
		CF48CCA926F131C300406F4E /* Build configuration list for PBXNativeTarget "FrameUpExample" */ = {
			isa = XCConfigurationList;
			buildConfigurations = (
				CF48CCAA26F131C300406F4E /* Debug */,
				CF48CCAB26F131C300406F4E /* Release */,
			);
			defaultConfigurationIsVisible = 0;
			defaultConfigurationName = Release;
		};
/* End XCConfigurationList section */

/* Begin XCRemoteSwiftPackageReference section */
		CF48CCAC26F131EA00406F4E /* XCRemoteSwiftPackageReference "FrameUp" */ = {
			isa = XCRemoteSwiftPackageReference;
			repositoryURL = "https://github.com/ryanlintott/FrameUp.git";
			requirement = {
				branch = main;
				kind = branch;
			};
		};
/* End XCRemoteSwiftPackageReference section */

/* Begin XCSwiftPackageProductDependency section */
		CF48CCAD26F131EA00406F4E /* FrameUp */ = {
			isa = XCSwiftPackageProductDependency;
			package = CF48CCAC26F131EA00406F4E /* XCRemoteSwiftPackageReference "FrameUp" */;
			productName = FrameUp;
		};
/* End XCSwiftPackageProductDependency section */
	};
	rootObject = CF48CC9326F131C200406F4E /* Project object */;
}
