// !$*UTF8*$!
{
	archiveVersion = 1;
	classes = {
	};
	objectVersion = 55;
	objects = {

/* Begin PBXBuildFile section */
		CF086A6826FE8AE8002C715D /* SmartScrollViewExample.swift in Sources */ = {isa = PBXBuildFile; fileRef = CF086A6726FE8AE8002C715D /* SmartScrollViewExample.swift */; };
		CF1EEF30274D4C4C00987595 /* WidgetKit.framework in Frameworks */ = {isa = PBXBuildFile; fileRef = CF1EEF2F274D4C4C00987595 /* WidgetKit.framework */; };
		CF1EEF32274D4C4C00987595 /* SwiftUI.framework in Frameworks */ = {isa = PBXBuildFile; fileRef = CF1EEF31274D4C4C00987595 /* SwiftUI.framework */; };
		CF1EEF35274D4C4C00987595 /* WidgetFrameWidget.swift in Sources */ = {isa = PBXBuildFile; fileRef = CF1EEF34274D4C4C00987595 /* WidgetFrameWidget.swift */; };
		CF1EEF38274D4C4D00987595 /* Assets.xcassets in Resources */ = {isa = PBXBuildFile; fileRef = CF1EEF37274D4C4D00987595 /* Assets.xcassets */; };
		CF1EEF3E274D4C4D00987595 /* WidgetFrameWidgetExtension.appex in Embed App Extensions */ = {isa = PBXBuildFile; fileRef = CF1EEF2D274D4C4C00987595 /* WidgetFrameWidgetExtension.appex */; settings = {ATTRIBUTES = (RemoveHeadersOnCopy, ); }; };
		CF1EEF4B274D5FD600987595 /* WidgetSizeExample.swift in Sources */ = {isa = PBXBuildFile; fileRef = CF1EEF4A274D5FD600987595 /* WidgetSizeExample.swift */; };
		CF1EEF4D274D60E900987595 /* FrameUp in Frameworks */ = {isa = PBXBuildFile; productRef = CF1EEF4C274D60E900987595 /* FrameUp */; };
		CF42CE26274C4A540010F12B /* WidgetDemoFrameExample.swift in Sources */ = {isa = PBXBuildFile; fileRef = CF42CE25274C4A540010F12B /* WidgetDemoFrameExample.swift */; };
		CF48CC9F26F131C200406F4E /* FrameUpExampleApp.swift in Sources */ = {isa = PBXBuildFile; fileRef = CF48CC9E26F131C200406F4E /* FrameUpExampleApp.swift */; };
		CF48CCA126F131C200406F4E /* ContentView.swift in Sources */ = {isa = PBXBuildFile; fileRef = CF48CCA026F131C200406F4E /* ContentView.swift */; };
		CF48CCA326F131C300406F4E /* Assets.xcassets in Resources */ = {isa = PBXBuildFile; fileRef = CF48CCA226F131C300406F4E /* Assets.xcassets */; };
		CF48CCA626F131C300406F4E /* Preview Assets.xcassets in Resources */ = {isa = PBXBuildFile; fileRef = CF48CCA526F131C300406F4E /* Preview Assets.xcassets */; };
		CF48CCAE26F131EA00406F4E /* FrameUp in Frameworks */ = {isa = PBXBuildFile; productRef = CF48CCAD26F131EA00406F4E /* FrameUp */; };
		CF48CCB126F132A400406F4E /* WidthReaderExample.swift in Sources */ = {isa = PBXBuildFile; fileRef = CF48CCB026F132A400406F4E /* WidthReaderExample.swift */; };
		CF48CCB926F134AC00406F4E /* Item.swift in Sources */ = {isa = PBXBuildFile; fileRef = CF48CCB826F134AC00406F4E /* Item.swift */; };
		CF48CCBB26F134CA00406F4E /* VFlowExample.swift in Sources */ = {isa = PBXBuildFile; fileRef = CF48CCBA26F134CA00406F4E /* VFlowExample.swift */; };
		CF48CCBD26F1356A00406F4E /* HeightReaderExample.swift in Sources */ = {isa = PBXBuildFile; fileRef = CF48CCBC26F1356A00406F4E /* HeightReaderExample.swift */; };
		CF4F7133274C2B8400818896 /* ScaledToFrameExample.swift in Sources */ = {isa = PBXBuildFile; fileRef = CF4F7132274C2B8400818896 /* ScaledToFrameExample.swift */; };
		CF4F7135274C2E3100818896 /* OnSizeChangeExample.swift in Sources */ = {isa = PBXBuildFile; fileRef = CF4F7134274C2E3100818896 /* OnSizeChangeExample.swift */; };
		CF5149A2274E967000F22BF3 /* WidgetRelativeShape.swift in Sources */ = {isa = PBXBuildFile; fileRef = CF5149A0274E90F000F22BF3 /* WidgetRelativeShape.swift */; };
		CF5C50F927FCF29200769E38 /* AutoRotatingViewExample.swift in Sources */ = {isa = PBXBuildFile; fileRef = CF5C50F827FCF29200769E38 /* AutoRotatingViewExample.swift */; };
		CF9FD88627A83A9D0054B22E /* RelativePaddingExample.swift in Sources */ = {isa = PBXBuildFile; fileRef = CF9FD88527A83A9D0054B22E /* RelativePaddingExample.swift */; };
		CFAC14A02885BC99003D4539 /* HFlowExample.swift in Sources */ = {isa = PBXBuildFile; fileRef = CFAC149F2885BC99003D4539 /* HFlowExample.swift */; };
		CFAC14A22885ED2C003D4539 /* AnyFULayoutExample.swift in Sources */ = {isa = PBXBuildFile; fileRef = CFAC14A12885ED2C003D4539 /* AnyFULayoutExample.swift */; };
		CFBC932F26F24DC600D5D439 /* TagViewExample.swift in Sources */ = {isa = PBXBuildFile; fileRef = CFBC932E26F24DC600D5D439 /* TagViewExample.swift */; };
		CFBC933126F24FF200D5D439 /* TagViewForScrollViewExample.swift in Sources */ = {isa = PBXBuildFile; fileRef = CFBC933026F24FF200D5D439 /* TagViewForScrollViewExample.swift */; };
		CFBC933526F2AB8000D5D439 /* OverlappingImageExample.swift in Sources */ = {isa = PBXBuildFile; fileRef = CFBC933426F2AB8000D5D439 /* OverlappingImageExample.swift */; };
		CFBC933726F2B29300D5D439 /* TabMenuViewExample.swift in Sources */ = {isa = PBXBuildFile; fileRef = CFBC933626F2B29300D5D439 /* TabMenuViewExample.swift */; };
		CFC2EBFB2811DA230088E36C /* VGridMasonryExample.swift in Sources */ = {isa = PBXBuildFile; fileRef = CFC2EBFA2811DA230088E36C /* VGridMasonryExample.swift */; };
		CFD6964526F3EED2008D58AD /* TabMenuViewExample2.swift in Sources */ = {isa = PBXBuildFile; fileRef = CFD6964426F3EED2008D58AD /* TabMenuViewExample2.swift */; };
		CFF9EC3928D1157200F2D18C /* SmartScrollViewSimpleExample.swift in Sources */ = {isa = PBXBuildFile; fileRef = CFF9EC3828D1157200F2D18C /* SmartScrollViewSimpleExample.swift */; };
		CFF9EC3D28D2D58700F2D18C /* AnyFULayoutSimpleExample.swift in Sources */ = {isa = PBXBuildFile; fileRef = CFF9EC3C28D2D58700F2D18C /* AnyFULayoutSimpleExample.swift */; };
		CFF9EC3F28D2DB2C00F2D18C /* CustomFULayoutExample.swift in Sources */ = {isa = PBXBuildFile; fileRef = CFF9EC3E28D2DB2C00F2D18C /* CustomFULayoutExample.swift */; };
/* End PBXBuildFile section */

/* Begin PBXContainerItemProxy section */
		CF1EEF3C274D4C4D00987595 /* PBXContainerItemProxy */ = {
			isa = PBXContainerItemProxy;
			containerPortal = CF48CC9326F131C200406F4E /* Project object */;
			proxyType = 1;
			remoteGlobalIDString = CF1EEF2C274D4C4C00987595;
			remoteInfo = WidgetFrameWidgetExtension;
		};
/* End PBXContainerItemProxy section */

/* Begin PBXCopyFilesBuildPhase section */
		CF1EEF42274D4C4D00987595 /* Embed App Extensions */ = {
			isa = PBXCopyFilesBuildPhase;
			buildActionMask = 2147483647;
			dstPath = "";
			dstSubfolderSpec = 13;
			files = (
				CF1EEF3E274D4C4D00987595 /* WidgetFrameWidgetExtension.appex in Embed App Extensions */,
			);
			name = "Embed App Extensions";
			runOnlyForDeploymentPostprocessing = 0;
		};
/* End PBXCopyFilesBuildPhase section */

/* Begin PBXFileReference section */
		CF086A6726FE8AE8002C715D /* SmartScrollViewExample.swift */ = {isa = PBXFileReference; lastKnownFileType = sourcecode.swift; path = SmartScrollViewExample.swift; sourceTree = "<group>"; };
		CF1EEF2D274D4C4C00987595 /* WidgetFrameWidgetExtension.appex */ = {isa = PBXFileReference; explicitFileType = "wrapper.app-extension"; includeInIndex = 0; path = WidgetFrameWidgetExtension.appex; sourceTree = BUILT_PRODUCTS_DIR; };
		CF1EEF2F274D4C4C00987595 /* WidgetKit.framework */ = {isa = PBXFileReference; lastKnownFileType = wrapper.framework; name = WidgetKit.framework; path = System/Library/Frameworks/WidgetKit.framework; sourceTree = SDKROOT; };
		CF1EEF31274D4C4C00987595 /* SwiftUI.framework */ = {isa = PBXFileReference; lastKnownFileType = wrapper.framework; name = SwiftUI.framework; path = System/Library/Frameworks/SwiftUI.framework; sourceTree = SDKROOT; };
		CF1EEF34274D4C4C00987595 /* WidgetFrameWidget.swift */ = {isa = PBXFileReference; lastKnownFileType = sourcecode.swift; path = WidgetFrameWidget.swift; sourceTree = "<group>"; };
		CF1EEF37274D4C4D00987595 /* Assets.xcassets */ = {isa = PBXFileReference; lastKnownFileType = folder.assetcatalog; path = Assets.xcassets; sourceTree = "<group>"; };
		CF1EEF39274D4C4D00987595 /* Info.plist */ = {isa = PBXFileReference; lastKnownFileType = text.plist.xml; path = Info.plist; sourceTree = "<group>"; };
		CF1EEF4A274D5FD600987595 /* WidgetSizeExample.swift */ = {isa = PBXFileReference; lastKnownFileType = sourcecode.swift; path = WidgetSizeExample.swift; sourceTree = "<group>"; };
		CF42CE25274C4A540010F12B /* WidgetDemoFrameExample.swift */ = {isa = PBXFileReference; fileEncoding = 4; lastKnownFileType = sourcecode.swift; path = WidgetDemoFrameExample.swift; sourceTree = "<group>"; };
		CF48CC9B26F131C200406F4E /* FrameUpExample.app */ = {isa = PBXFileReference; explicitFileType = wrapper.application; includeInIndex = 0; path = FrameUpExample.app; sourceTree = BUILT_PRODUCTS_DIR; };
		CF48CC9E26F131C200406F4E /* FrameUpExampleApp.swift */ = {isa = PBXFileReference; lastKnownFileType = sourcecode.swift; path = FrameUpExampleApp.swift; sourceTree = "<group>"; };
		CF48CCA026F131C200406F4E /* ContentView.swift */ = {isa = PBXFileReference; lastKnownFileType = sourcecode.swift; path = ContentView.swift; sourceTree = "<group>"; };
		CF48CCA226F131C300406F4E /* Assets.xcassets */ = {isa = PBXFileReference; lastKnownFileType = folder.assetcatalog; path = Assets.xcassets; sourceTree = "<group>"; };
		CF48CCA526F131C300406F4E /* Preview Assets.xcassets */ = {isa = PBXFileReference; lastKnownFileType = folder.assetcatalog; path = "Preview Assets.xcassets"; sourceTree = "<group>"; };
		CF48CCAF26F1320C00406F4E /* FrameUp */ = {isa = PBXFileReference; lastKnownFileType = folder; name = FrameUp; path = ../FrameUp; sourceTree = "<group>"; };
		CF48CCB026F132A400406F4E /* WidthReaderExample.swift */ = {isa = PBXFileReference; fileEncoding = 4; lastKnownFileType = sourcecode.swift; path = WidthReaderExample.swift; sourceTree = "<group>"; };
		CF48CCB826F134AC00406F4E /* Item.swift */ = {isa = PBXFileReference; lastKnownFileType = sourcecode.swift; path = Item.swift; sourceTree = "<group>"; };
		CF48CCBA26F134CA00406F4E /* VFlowExample.swift */ = {isa = PBXFileReference; lastKnownFileType = sourcecode.swift; path = VFlowExample.swift; sourceTree = "<group>"; };
		CF48CCBC26F1356A00406F4E /* HeightReaderExample.swift */ = {isa = PBXFileReference; lastKnownFileType = sourcecode.swift; path = HeightReaderExample.swift; sourceTree = "<group>"; };
		CF4F7132274C2B8400818896 /* ScaledToFrameExample.swift */ = {isa = PBXFileReference; lastKnownFileType = sourcecode.swift; path = ScaledToFrameExample.swift; sourceTree = "<group>"; };
		CF4F7134274C2E3100818896 /* OnSizeChangeExample.swift */ = {isa = PBXFileReference; lastKnownFileType = sourcecode.swift; path = OnSizeChangeExample.swift; sourceTree = "<group>"; };
		CF5149A0274E90F000F22BF3 /* WidgetRelativeShape.swift */ = {isa = PBXFileReference; lastKnownFileType = sourcecode.swift; path = WidgetRelativeShape.swift; sourceTree = "<group>"; };
		CF5C50F827FCF29200769E38 /* AutoRotatingViewExample.swift */ = {isa = PBXFileReference; lastKnownFileType = sourcecode.swift; path = AutoRotatingViewExample.swift; sourceTree = "<group>"; };
		CF9FD88527A83A9D0054B22E /* RelativePaddingExample.swift */ = {isa = PBXFileReference; lastKnownFileType = sourcecode.swift; path = RelativePaddingExample.swift; sourceTree = "<group>"; };
		CFAC149F2885BC99003D4539 /* HFlowExample.swift */ = {isa = PBXFileReference; lastKnownFileType = sourcecode.swift; path = HFlowExample.swift; sourceTree = "<group>"; };
		CFAC14A12885ED2C003D4539 /* AnyFULayoutExample.swift */ = {isa = PBXFileReference; lastKnownFileType = sourcecode.swift; path = AnyFULayoutExample.swift; sourceTree = "<group>"; };
		CFBC932E26F24DC600D5D439 /* TagViewExample.swift */ = {isa = PBXFileReference; lastKnownFileType = sourcecode.swift; path = TagViewExample.swift; sourceTree = "<group>"; };
		CFBC933026F24FF200D5D439 /* TagViewForScrollViewExample.swift */ = {isa = PBXFileReference; lastKnownFileType = sourcecode.swift; path = TagViewForScrollViewExample.swift; sourceTree = "<group>"; };
		CFBC933426F2AB8000D5D439 /* OverlappingImageExample.swift */ = {isa = PBXFileReference; lastKnownFileType = sourcecode.swift; path = OverlappingImageExample.swift; sourceTree = "<group>"; };
		CFBC933626F2B29300D5D439 /* TabMenuViewExample.swift */ = {isa = PBXFileReference; lastKnownFileType = sourcecode.swift; path = TabMenuViewExample.swift; sourceTree = "<group>"; };
		CFC2EBFA2811DA230088E36C /* VGridMasonryExample.swift */ = {isa = PBXFileReference; lastKnownFileType = sourcecode.swift; path = VGridMasonryExample.swift; sourceTree = "<group>"; };
		CFD6964426F3EED2008D58AD /* TabMenuViewExample2.swift */ = {isa = PBXFileReference; lastKnownFileType = sourcecode.swift; path = TabMenuViewExample2.swift; sourceTree = "<group>"; };
		CFF9EC3828D1157200F2D18C /* SmartScrollViewSimpleExample.swift */ = {isa = PBXFileReference; lastKnownFileType = sourcecode.swift; path = SmartScrollViewSimpleExample.swift; sourceTree = "<group>"; };
		CFF9EC3C28D2D58700F2D18C /* AnyFULayoutSimpleExample.swift */ = {isa = PBXFileReference; lastKnownFileType = sourcecode.swift; path = AnyFULayoutSimpleExample.swift; sourceTree = "<group>"; };
		CFF9EC3E28D2DB2C00F2D18C /* CustomFULayoutExample.swift */ = {isa = PBXFileReference; lastKnownFileType = sourcecode.swift; path = CustomFULayoutExample.swift; sourceTree = "<group>"; };
/* End PBXFileReference section */

/* Begin PBXFrameworksBuildPhase section */
		CF1EEF2A274D4C4C00987595 /* Frameworks */ = {
			isa = PBXFrameworksBuildPhase;
			buildActionMask = 2147483647;
			files = (
				CF1EEF4D274D60E900987595 /* FrameUp in Frameworks */,
				CF1EEF32274D4C4C00987595 /* SwiftUI.framework in Frameworks */,
				CF1EEF30274D4C4C00987595 /* WidgetKit.framework in Frameworks */,
			);
			runOnlyForDeploymentPostprocessing = 0;
		};
		CF48CC9826F131C200406F4E /* Frameworks */ = {
			isa = PBXFrameworksBuildPhase;
			buildActionMask = 2147483647;
			files = (
				CF48CCAE26F131EA00406F4E /* FrameUp in Frameworks */,
			);
			runOnlyForDeploymentPostprocessing = 0;
		};
/* End PBXFrameworksBuildPhase section */

/* Begin PBXGroup section */
		CF1EEF2E274D4C4C00987595 /* Frameworks */ = {
			isa = PBXGroup;
			children = (
				CF1EEF2F274D4C4C00987595 /* WidgetKit.framework */,
				CF1EEF31274D4C4C00987595 /* SwiftUI.framework */,
			);
			name = Frameworks;
			sourceTree = "<group>";
		};
		CF1EEF33274D4C4C00987595 /* WidgetFrameWidget */ = {
			isa = PBXGroup;
			children = (
				CF1EEF34274D4C4C00987595 /* WidgetFrameWidget.swift */,
				CF5149A0274E90F000F22BF3 /* WidgetRelativeShape.swift */,
				CF1EEF37274D4C4D00987595 /* Assets.xcassets */,
				CF1EEF39274D4C4D00987595 /* Info.plist */,
			);
			path = WidgetFrameWidget;
			sourceTree = "<group>";
		};
		CF48CC9226F131C200406F4E = {
			isa = PBXGroup;
			children = (
				CF48CCAF26F1320C00406F4E /* FrameUp */,
				CF48CC9D26F131C200406F4E /* FrameUpExample */,
				CF1EEF33274D4C4C00987595 /* WidgetFrameWidget */,
				CF1EEF2E274D4C4C00987595 /* Frameworks */,
				CF48CC9C26F131C200406F4E /* Products */,
			);
			sourceTree = "<group>";
		};
		CF48CC9C26F131C200406F4E /* Products */ = {
			isa = PBXGroup;
			children = (
				CF48CC9B26F131C200406F4E /* FrameUpExample.app */,
				CF1EEF2D274D4C4C00987595 /* WidgetFrameWidgetExtension.appex */,
			);
			name = Products;
			sourceTree = "<group>";
		};
		CF48CC9D26F131C200406F4E /* FrameUpExample */ = {
			isa = PBXGroup;
			children = (
				CF48CC9E26F131C200406F4E /* FrameUpExampleApp.swift */,
				CF48CCA026F131C200406F4E /* ContentView.swift */,
				CF48CCB826F134AC00406F4E /* Item.swift */,
				CF48CCB026F132A400406F4E /* WidthReaderExample.swift */,
				CF48CCBC26F1356A00406F4E /* HeightReaderExample.swift */,
				CF086A6726FE8AE8002C715D /* SmartScrollViewExample.swift */,
				CFF9EC3828D1157200F2D18C /* SmartScrollViewSimpleExample.swift */,
				CFAC14A12885ED2C003D4539 /* AnyFULayoutExample.swift */,
				CFF9EC3C28D2D58700F2D18C /* AnyFULayoutSimpleExample.swift */,
				CFAC149F2885BC99003D4539 /* HFlowExample.swift */,
				CF48CCBA26F134CA00406F4E /* VFlowExample.swift */,
				CFC2EBFA2811DA230088E36C /* VGridMasonryExample.swift */,
				CFF9EC3E28D2DB2C00F2D18C /* CustomFULayoutExample.swift */,
				CF4F7134274C2E3100818896 /* OnSizeChangeExample.swift */,
				CFBC933426F2AB8000D5D439 /* OverlappingImageExample.swift */,
				CF5C50F827FCF29200769E38 /* AutoRotatingViewExample.swift */,
				CF9FD88527A83A9D0054B22E /* RelativePaddingExample.swift */,
				CFBC933626F2B29300D5D439 /* TabMenuViewExample.swift */,
				CFD6964426F3EED2008D58AD /* TabMenuViewExample2.swift */,
				CF4F7132274C2B8400818896 /* ScaledToFrameExample.swift */,
				CF1EEF4A274D5FD600987595 /* WidgetSizeExample.swift */,
				CF42CE25274C4A540010F12B /* WidgetDemoFrameExample.swift */,
				CFBC932E26F24DC600D5D439 /* TagViewExample.swift */,
				CFBC933026F24FF200D5D439 /* TagViewForScrollViewExample.swift */,
				CF48CCA226F131C300406F4E /* Assets.xcassets */,
				CF48CCA426F131C300406F4E /* Preview Content */,
			);
			path = FrameUpExample;
			sourceTree = "<group>";
		};
		CF48CCA426F131C300406F4E /* Preview Content */ = {
			isa = PBXGroup;
			children = (
				CF48CCA526F131C300406F4E /* Preview Assets.xcassets */,
			);
			path = "Preview Content";
			sourceTree = "<group>";
		};
/* End PBXGroup section */

/* Begin PBXNativeTarget section */
		CF1EEF2C274D4C4C00987595 /* WidgetFrameWidgetExtension */ = {
			isa = PBXNativeTarget;
			buildConfigurationList = CF1EEF3F274D4C4D00987595 /* Build configuration list for PBXNativeTarget "WidgetFrameWidgetExtension" */;
			buildPhases = (
				CF1EEF29274D4C4C00987595 /* Sources */,
				CF1EEF2A274D4C4C00987595 /* Frameworks */,
				CF1EEF2B274D4C4C00987595 /* Resources */,
			);
			buildRules = (
			);
			dependencies = (
			);
			name = WidgetFrameWidgetExtension;
			packageProductDependencies = (
				CF1EEF4C274D60E900987595 /* FrameUp */,
			);
			productName = WidgetFrameWidgetExtension;
			productReference = CF1EEF2D274D4C4C00987595 /* WidgetFrameWidgetExtension.appex */;
			productType = "com.apple.product-type.app-extension";
		};
		CF48CC9A26F131C200406F4E /* FrameUpExample */ = {
			isa = PBXNativeTarget;
			buildConfigurationList = CF48CCA926F131C300406F4E /* Build configuration list for PBXNativeTarget "FrameUpExample" */;
			buildPhases = (
				CF48CC9726F131C200406F4E /* Sources */,
				CF48CC9826F131C200406F4E /* Frameworks */,
				CF48CC9926F131C200406F4E /* Resources */,
				CF1EEF42274D4C4D00987595 /* Embed App Extensions */,
			);
			buildRules = (
			);
			dependencies = (
				CF1EEF3D274D4C4D00987595 /* PBXTargetDependency */,
			);
			name = FrameUpExample;
			packageProductDependencies = (
				CF48CCAD26F131EA00406F4E /* FrameUp */,
			);
			productName = FrameUpExample;
			productReference = CF48CC9B26F131C200406F4E /* FrameUpExample.app */;
			productType = "com.apple.product-type.application";
		};
/* End PBXNativeTarget section */

/* Begin PBXProject section */
		CF48CC9326F131C200406F4E /* Project object */ = {
			isa = PBXProject;
			attributes = {
				BuildIndependentTargetsInParallel = 1;
				LastSwiftUpdateCheck = 1310;
				LastUpgradeCheck = 1300;
				TargetAttributes = {
					CF1EEF2C274D4C4C00987595 = {
						CreatedOnToolsVersion = 13.1;
					};
					CF48CC9A26F131C200406F4E = {
						CreatedOnToolsVersion = 13.0;
					};
				};
			};
			buildConfigurationList = CF48CC9626F131C200406F4E /* Build configuration list for PBXProject "FrameUpExample" */;
			compatibilityVersion = "Xcode 13.0";
			developmentRegion = en;
			hasScannedForEncodings = 0;
			knownRegions = (
				en,
				Base,
			);
			mainGroup = CF48CC9226F131C200406F4E;
			packageReferences = (
				CF48CCAC26F131EA00406F4E /* XCRemoteSwiftPackageReference "FrameUp" */,
			);
			productRefGroup = CF48CC9C26F131C200406F4E /* Products */;
			projectDirPath = "";
			projectRoot = "";
			targets = (
				CF48CC9A26F131C200406F4E /* FrameUpExample */,
				CF1EEF2C274D4C4C00987595 /* WidgetFrameWidgetExtension */,
			);
		};
/* End PBXProject section */

/* Begin PBXResourcesBuildPhase section */
		CF1EEF2B274D4C4C00987595 /* Resources */ = {
			isa = PBXResourcesBuildPhase;
			buildActionMask = 2147483647;
			files = (
				CF1EEF38274D4C4D00987595 /* Assets.xcassets in Resources */,
			);
			runOnlyForDeploymentPostprocessing = 0;
		};
		CF48CC9926F131C200406F4E /* Resources */ = {
			isa = PBXResourcesBuildPhase;
			buildActionMask = 2147483647;
			files = (
				CF48CCA626F131C300406F4E /* Preview Assets.xcassets in Resources */,
				CF48CCA326F131C300406F4E /* Assets.xcassets in Resources */,
			);
			runOnlyForDeploymentPostprocessing = 0;
		};
/* End PBXResourcesBuildPhase section */

/* Begin PBXSourcesBuildPhase section */
		CF1EEF29274D4C4C00987595 /* Sources */ = {
			isa = PBXSourcesBuildPhase;
			buildActionMask = 2147483647;
			files = (
				CF1EEF35274D4C4C00987595 /* WidgetFrameWidget.swift in Sources */,
				CF5149A2274E967000F22BF3 /* WidgetRelativeShape.swift in Sources */,
			);
			runOnlyForDeploymentPostprocessing = 0;
		};
		CF48CC9726F131C200406F4E /* Sources */ = {
			isa = PBXSourcesBuildPhase;
			buildActionMask = 2147483647;
			files = (
				CFF9EC3D28D2D58700F2D18C /* AnyFULayoutSimpleExample.swift in Sources */,
				CFC2EBFB2811DA230088E36C /* VGridMasonryExample.swift in Sources */,
				CF48CCA126F131C200406F4E /* ContentView.swift in Sources */,
				CFBC933526F2AB8000D5D439 /* OverlappingImageExample.swift in Sources */,
				CF48CCBD26F1356A00406F4E /* HeightReaderExample.swift in Sources */,
				CF4F7133274C2B8400818896 /* ScaledToFrameExample.swift in Sources */,
				CFF9EC3F28D2DB2C00F2D18C /* CustomFULayoutExample.swift in Sources */,
				CFAC14A02885BC99003D4539 /* HFlowExample.swift in Sources */,
				CF48CC9F26F131C200406F4E /* FrameUpExampleApp.swift in Sources */,
				CF48CCB926F134AC00406F4E /* Item.swift in Sources */,
				CFBC933726F2B29300D5D439 /* TabMenuViewExample.swift in Sources */,
				CF48CCB126F132A400406F4E /* WidthReaderExample.swift in Sources */,
				CFBC933126F24FF200D5D439 /* TagViewForScrollViewExample.swift in Sources */,
				CFBC932F26F24DC600D5D439 /* TagViewExample.swift in Sources */,
				CF1EEF4B274D5FD600987595 /* WidgetSizeExample.swift in Sources */,
				CFD6964526F3EED2008D58AD /* TabMenuViewExample2.swift in Sources */,
				CFAC14A22885ED2C003D4539 /* AnyFULayoutExample.swift in Sources */,
				CF086A6826FE8AE8002C715D /* SmartScrollViewExample.swift in Sources */,
				CF42CE26274C4A540010F12B /* WidgetDemoFrameExample.swift in Sources */,
				CF48CCBB26F134CA00406F4E /* VFlowExample.swift in Sources */,
				CF9FD88627A83A9D0054B22E /* RelativePaddingExample.swift in Sources */,
				CF5C50F927FCF29200769E38 /* AutoRotatingViewExample.swift in Sources */,
				CFF9EC3928D1157200F2D18C /* SmartScrollViewSimpleExample.swift in Sources */,
				CF4F7135274C2E3100818896 /* OnSizeChangeExample.swift in Sources */,
			);
			runOnlyForDeploymentPostprocessing = 0;
		};
/* End PBXSourcesBuildPhase section */

/* Begin PBXTargetDependency section */
		CF1EEF3D274D4C4D00987595 /* PBXTargetDependency */ = {
			isa = PBXTargetDependency;
			target = CF1EEF2C274D4C4C00987595 /* WidgetFrameWidgetExtension */;
			targetProxy = CF1EEF3C274D4C4D00987595 /* PBXContainerItemProxy */;
		};
/* End PBXTargetDependency section */

/* Begin XCBuildConfiguration section */
		CF1EEF40274D4C4D00987595 /* Debug */ = {
			isa = XCBuildConfiguration;
			buildSettings = {
				ASSETCATALOG_COMPILER_GLOBAL_ACCENT_COLOR_NAME = AccentColor;
				ASSETCATALOG_COMPILER_WIDGET_BACKGROUND_COLOR_NAME = WidgetBackground;
				CODE_SIGN_STYLE = Automatic;
				CURRENT_PROJECT_VERSION = 1;
				DEVELOPMENT_TEAM = 97423JQ8B9;
				GENERATE_INFOPLIST_FILE = YES;
				INFOPLIST_FILE = WidgetFrameWidget/Info.plist;
				INFOPLIST_KEY_CFBundleDisplayName = WidgetFrameWidget;
				INFOPLIST_KEY_NSHumanReadableCopyright = "";
				IPHONEOS_DEPLOYMENT_TARGET = 15.0;
				LD_RUNPATH_SEARCH_PATHS = (
					"$(inherited)",
					"@executable_path/Frameworks",
					"@executable_path/../../Frameworks",
				);
				MARKETING_VERSION = 1.0;
				PRODUCT_BUNDLE_IDENTIFIER = com.abetterwaytodo.FrameUpExample.WidgetFrameWidget;
				PRODUCT_NAME = "$(TARGET_NAME)";
				SKIP_INSTALL = YES;
				SWIFT_EMIT_LOC_STRINGS = YES;
				SWIFT_VERSION = 5.0;
				TARGETED_DEVICE_FAMILY = "1,2";
			};
			name = Debug;
		};
		CF1EEF41274D4C4D00987595 /* Release */ = {
			isa = XCBuildConfiguration;
			buildSettings = {
				ASSETCATALOG_COMPILER_GLOBAL_ACCENT_COLOR_NAME = AccentColor;
				ASSETCATALOG_COMPILER_WIDGET_BACKGROUND_COLOR_NAME = WidgetBackground;
				CODE_SIGN_STYLE = Automatic;
				CURRENT_PROJECT_VERSION = 1;
				DEVELOPMENT_TEAM = 97423JQ8B9;
				GENERATE_INFOPLIST_FILE = YES;
				INFOPLIST_FILE = WidgetFrameWidget/Info.plist;
				INFOPLIST_KEY_CFBundleDisplayName = WidgetFrameWidget;
				INFOPLIST_KEY_NSHumanReadableCopyright = "";
				IPHONEOS_DEPLOYMENT_TARGET = 15.0;
				LD_RUNPATH_SEARCH_PATHS = (
					"$(inherited)",
					"@executable_path/Frameworks",
					"@executable_path/../../Frameworks",
				);
				MARKETING_VERSION = 1.0;
				PRODUCT_BUNDLE_IDENTIFIER = com.abetterwaytodo.FrameUpExample.WidgetFrameWidget;
				PRODUCT_NAME = "$(TARGET_NAME)";
				SKIP_INSTALL = YES;
				SWIFT_EMIT_LOC_STRINGS = YES;
				SWIFT_VERSION = 5.0;
				TARGETED_DEVICE_FAMILY = "1,2";
			};
			name = Release;
		};
		CF48CCA726F131C300406F4E /* Debug */ = {
			isa = XCBuildConfiguration;
			buildSettings = {
				ALWAYS_SEARCH_USER_PATHS = NO;
				CLANG_ANALYZER_NONNULL = YES;
				CLANG_ANALYZER_NUMBER_OBJECT_CONVERSION = YES_AGGRESSIVE;
				CLANG_CXX_LANGUAGE_STANDARD = "gnu++17";
				CLANG_CXX_LIBRARY = "libc++";
				CLANG_ENABLE_MODULES = YES;
				CLANG_ENABLE_OBJC_ARC = YES;
				CLANG_ENABLE_OBJC_WEAK = YES;
				CLANG_WARN_BLOCK_CAPTURE_AUTORELEASING = YES;
				CLANG_WARN_BOOL_CONVERSION = YES;
				CLANG_WARN_COMMA = YES;
				CLANG_WARN_CONSTANT_CONVERSION = YES;
				CLANG_WARN_DEPRECATED_OBJC_IMPLEMENTATIONS = YES;
				CLANG_WARN_DIRECT_OBJC_ISA_USAGE = YES_ERROR;
				CLANG_WARN_DOCUMENTATION_COMMENTS = YES;
				CLANG_WARN_EMPTY_BODY = YES;
				CLANG_WARN_ENUM_CONVERSION = YES;
				CLANG_WARN_INFINITE_RECURSION = YES;
				CLANG_WARN_INT_CONVERSION = YES;
				CLANG_WARN_NON_LITERAL_NULL_CONVERSION = YES;
				CLANG_WARN_OBJC_IMPLICIT_RETAIN_SELF = YES;
				CLANG_WARN_OBJC_LITERAL_CONVERSION = YES;
				CLANG_WARN_OBJC_ROOT_CLASS = YES_ERROR;
				CLANG_WARN_QUOTED_INCLUDE_IN_FRAMEWORK_HEADER = YES;
				CLANG_WARN_RANGE_LOOP_ANALYSIS = YES;
				CLANG_WARN_STRICT_PROTOTYPES = YES;
				CLANG_WARN_SUSPICIOUS_MOVE = YES;
				CLANG_WARN_UNGUARDED_AVAILABILITY = YES_AGGRESSIVE;
				CLANG_WARN_UNREACHABLE_CODE = YES;
				CLANG_WARN__DUPLICATE_METHOD_MATCH = YES;
				COPY_PHASE_STRIP = NO;
				DEBUG_INFORMATION_FORMAT = dwarf;
				ENABLE_STRICT_OBJC_MSGSEND = YES;
				ENABLE_TESTABILITY = YES;
				GCC_C_LANGUAGE_STANDARD = gnu11;
				GCC_DYNAMIC_NO_PIC = NO;
				GCC_NO_COMMON_BLOCKS = YES;
				GCC_OPTIMIZATION_LEVEL = 0;
				GCC_PREPROCESSOR_DEFINITIONS = (
					"DEBUG=1",
					"$(inherited)",
				);
				GCC_WARN_64_TO_32_BIT_CONVERSION = YES;
				GCC_WARN_ABOUT_RETURN_TYPE = YES_ERROR;
				GCC_WARN_UNDECLARED_SELECTOR = YES;
				GCC_WARN_UNINITIALIZED_AUTOS = YES_AGGRESSIVE;
				GCC_WARN_UNUSED_FUNCTION = YES;
				GCC_WARN_UNUSED_VARIABLE = YES;
				IPHONEOS_DEPLOYMENT_TARGET = 14.5;
				MTL_ENABLE_DEBUG_INFO = INCLUDE_SOURCE;
				MTL_FAST_MATH = YES;
				ONLY_ACTIVE_ARCH = YES;
				SDKROOT = iphoneos;
				SWIFT_ACTIVE_COMPILATION_CONDITIONS = DEBUG;
				SWIFT_OPTIMIZATION_LEVEL = "-Onone";
			};
			name = Debug;
		};
		CF48CCA826F131C300406F4E /* Release */ = {
			isa = XCBuildConfiguration;
			buildSettings = {
				ALWAYS_SEARCH_USER_PATHS = NO;
				CLANG_ANALYZER_NONNULL = YES;
				CLANG_ANALYZER_NUMBER_OBJECT_CONVERSION = YES_AGGRESSIVE;
				CLANG_CXX_LANGUAGE_STANDARD = "gnu++17";
				CLANG_CXX_LIBRARY = "libc++";
				CLANG_ENABLE_MODULES = YES;
				CLANG_ENABLE_OBJC_ARC = YES;
				CLANG_ENABLE_OBJC_WEAK = YES;
				CLANG_WARN_BLOCK_CAPTURE_AUTORELEASING = YES;
				CLANG_WARN_BOOL_CONVERSION = YES;
				CLANG_WARN_COMMA = YES;
				CLANG_WARN_CONSTANT_CONVERSION = YES;
				CLANG_WARN_DEPRECATED_OBJC_IMPLEMENTATIONS = YES;
				CLANG_WARN_DIRECT_OBJC_ISA_USAGE = YES_ERROR;
				CLANG_WARN_DOCUMENTATION_COMMENTS = YES;
				CLANG_WARN_EMPTY_BODY = YES;
				CLANG_WARN_ENUM_CONVERSION = YES;
				CLANG_WARN_INFINITE_RECURSION = YES;
				CLANG_WARN_INT_CONVERSION = YES;
				CLANG_WARN_NON_LITERAL_NULL_CONVERSION = YES;
				CLANG_WARN_OBJC_IMPLICIT_RETAIN_SELF = YES;
				CLANG_WARN_OBJC_LITERAL_CONVERSION = YES;
				CLANG_WARN_OBJC_ROOT_CLASS = YES_ERROR;
				CLANG_WARN_QUOTED_INCLUDE_IN_FRAMEWORK_HEADER = YES;
				CLANG_WARN_RANGE_LOOP_ANALYSIS = YES;
				CLANG_WARN_STRICT_PROTOTYPES = YES;
				CLANG_WARN_SUSPICIOUS_MOVE = YES;
				CLANG_WARN_UNGUARDED_AVAILABILITY = YES_AGGRESSIVE;
				CLANG_WARN_UNREACHABLE_CODE = YES;
				CLANG_WARN__DUPLICATE_METHOD_MATCH = YES;
				COPY_PHASE_STRIP = NO;
				DEBUG_INFORMATION_FORMAT = "dwarf-with-dsym";
				ENABLE_NS_ASSERTIONS = NO;
				ENABLE_STRICT_OBJC_MSGSEND = YES;
				GCC_C_LANGUAGE_STANDARD = gnu11;
				GCC_NO_COMMON_BLOCKS = YES;
				GCC_WARN_64_TO_32_BIT_CONVERSION = YES;
				GCC_WARN_ABOUT_RETURN_TYPE = YES_ERROR;
				GCC_WARN_UNDECLARED_SELECTOR = YES;
				GCC_WARN_UNINITIALIZED_AUTOS = YES_AGGRESSIVE;
				GCC_WARN_UNUSED_FUNCTION = YES;
				GCC_WARN_UNUSED_VARIABLE = YES;
				IPHONEOS_DEPLOYMENT_TARGET = 14.5;
				MTL_ENABLE_DEBUG_INFO = NO;
				MTL_FAST_MATH = YES;
				SDKROOT = iphoneos;
				SWIFT_COMPILATION_MODE = wholemodule;
				SWIFT_OPTIMIZATION_LEVEL = "-O";
				VALIDATE_PRODUCT = YES;
			};
			name = Release;
		};
		CF48CCAA26F131C300406F4E /* Debug */ = {
			isa = XCBuildConfiguration;
			buildSettings = {
				ALWAYS_EMBED_SWIFT_STANDARD_LIBRARIES = YES;
				ASSETCATALOG_COMPILER_APPICON_NAME = AppIcon;
				ASSETCATALOG_COMPILER_GLOBAL_ACCENT_COLOR_NAME = AccentColor;
				CODE_SIGN_STYLE = Automatic;
				CURRENT_PROJECT_VERSION = 1;
				DEVELOPMENT_ASSET_PATHS = "\"FrameUpExample/Preview Content\"";
				DEVELOPMENT_TEAM = 97423JQ8B9;
				ENABLE_PREVIEWS = YES;
				GENERATE_INFOPLIST_FILE = YES;
				INFOPLIST_KEY_UIApplicationSceneManifest_Generation = YES;
				INFOPLIST_KEY_UIApplicationSupportsIndirectInputEvents = YES;
				INFOPLIST_KEY_UILaunchScreen_Generation = YES;
				INFOPLIST_KEY_UISupportedInterfaceOrientations = "UIInterfaceOrientationPortrait UIInterfaceOrientationLandscapeLeft";
				INFOPLIST_KEY_UISupportedInterfaceOrientations_iPad = "UIInterfaceOrientationPortrait UIInterfaceOrientationPortraitUpsideDown UIInterfaceOrientationLandscapeLeft UIInterfaceOrientationLandscapeRight";
				INFOPLIST_KEY_UISupportedInterfaceOrientations_iPhone = "UIInterfaceOrientationPortrait UIInterfaceOrientationLandscapeRight";
				IPHONEOS_DEPLOYMENT_TARGET = 14.0;
				LD_RUNPATH_SEARCH_PATHS = (
					"$(inherited)",
					"@executable_path/Frameworks",
				);
				MARKETING_VERSION = 1.0;
				PRODUCT_BUNDLE_IDENTIFIER = com.abetterwaytodo.FrameUpExample;
				PRODUCT_NAME = "$(TARGET_NAME)";
				SWIFT_EMIT_LOC_STRINGS = YES;
				SWIFT_VERSION = 5.0;
				TARGETED_DEVICE_FAMILY = "1,2";
			};
			name = Debug;
		};
		CF48CCAB26F131C300406F4E /* Release */ = {
			isa = XCBuildConfiguration;
			buildSettings = {
				ALWAYS_EMBED_SWIFT_STANDARD_LIBRARIES = YES;
				ASSETCATALOG_COMPILER_APPICON_NAME = AppIcon;
				ASSETCATALOG_COMPILER_GLOBAL_ACCENT_COLOR_NAME = AccentColor;
				CODE_SIGN_STYLE = Automatic;
				CURRENT_PROJECT_VERSION = 1;
				DEVELOPMENT_ASSET_PATHS = "\"FrameUpExample/Preview Content\"";
				DEVELOPMENT_TEAM = 97423JQ8B9;
				ENABLE_PREVIEWS = YES;
				GENERATE_INFOPLIST_FILE = YES;
				INFOPLIST_KEY_UIApplicationSceneManifest_Generation = YES;
				INFOPLIST_KEY_UIApplicationSupportsIndirectInputEvents = YES;
				INFOPLIST_KEY_UILaunchScreen_Generation = YES;
				INFOPLIST_KEY_UISupportedInterfaceOrientations = "UIInterfaceOrientationPortrait UIInterfaceOrientationLandscapeLeft";
				INFOPLIST_KEY_UISupportedInterfaceOrientations_iPad = "UIInterfaceOrientationPortrait UIInterfaceOrientationPortraitUpsideDown UIInterfaceOrientationLandscapeLeft UIInterfaceOrientationLandscapeRight";
				INFOPLIST_KEY_UISupportedInterfaceOrientations_iPhone = "UIInterfaceOrientationPortrait UIInterfaceOrientationLandscapeRight";
				IPHONEOS_DEPLOYMENT_TARGET = 14.0;
				LD_RUNPATH_SEARCH_PATHS = (
					"$(inherited)",
					"@executable_path/Frameworks",
				);
				MARKETING_VERSION = 1.0;
				PRODUCT_BUNDLE_IDENTIFIER = com.abetterwaytodo.FrameUpExample;
				PRODUCT_NAME = "$(TARGET_NAME)";
				SWIFT_EMIT_LOC_STRINGS = YES;
				SWIFT_VERSION = 5.0;
				TARGETED_DEVICE_FAMILY = "1,2";
			};
			name = Release;
		};
/* End XCBuildConfiguration section */

/* Begin XCConfigurationList section */
		CF1EEF3F274D4C4D00987595 /* Build configuration list for PBXNativeTarget "WidgetFrameWidgetExtension" */ = {
			isa = XCConfigurationList;
			buildConfigurations = (
				CF1EEF40274D4C4D00987595 /* Debug */,
				CF1EEF41274D4C4D00987595 /* Release */,
			);
			defaultConfigurationIsVisible = 0;
			defaultConfigurationName = Release;
		};
		CF48CC9626F131C200406F4E /* Build configuration list for PBXProject "FrameUpExample" */ = {
			isa = XCConfigurationList;
			buildConfigurations = (
				CF48CCA726F131C300406F4E /* Debug */,
				CF48CCA826F131C300406F4E /* Release */,
			);
			defaultConfigurationIsVisible = 0;
			defaultConfigurationName = Release;
		};
		CF48CCA926F131C300406F4E /* Build configuration list for PBXNativeTarget "FrameUpExample" */ = {
			isa = XCConfigurationList;
			buildConfigurations = (
				CF48CCAA26F131C300406F4E /* Debug */,
				CF48CCAB26F131C300406F4E /* Release */,
			);
			defaultConfigurationIsVisible = 0;
			defaultConfigurationName = Release;
		};
/* End XCConfigurationList section */

/* Begin XCRemoteSwiftPackageReference section */
		CF48CCAC26F131EA00406F4E /* XCRemoteSwiftPackageReference "FrameUp" */ = {
			isa = XCRemoteSwiftPackageReference;
			repositoryURL = "https://github.com/ryanlintott/FrameUp.git";
			requirement = {
				branch = main;
				kind = branch;
			};
		};
/* End XCRemoteSwiftPackageReference section */

/* Begin XCSwiftPackageProductDependency section */
		CF1EEF4C274D60E900987595 /* FrameUp */ = {
			isa = XCSwiftPackageProductDependency;
			productName = FrameUp;
		};
		CF48CCAD26F131EA00406F4E /* FrameUp */ = {
			isa = XCSwiftPackageProductDependency;
			package = CF48CCAC26F131EA00406F4E /* XCRemoteSwiftPackageReference "FrameUp" */;
			productName = FrameUp;
		};
/* End XCSwiftPackageProductDependency section */
	};
	rootObject = CF48CC9326F131C200406F4E /* Project object */;
}
